<?xml version="1.0" encoding="utf-8"?>
<Project ToolsVersion="4.0" xmlns="http://schemas.microsoft.com/developer/msbuild/2003">
  <ItemGroup>
    <Filter Include="Files">
      <UniqueIdentifier>{93995380-89BD-4b04-88EB-625FBE52EBFB}</UniqueIdentifier>
      <Extensions>h;hh;hpp;hxx;hm;inl;inc;ipp;xsd</Extensions>
    </Filter>
    <Filter Include="Tests">
      <UniqueIdentifier>{046244b9-3f36-499c-945f-bacf4f8426fa}</UniqueIdentifier>
    </Filter>
  </ItemGroup>
  <ItemGroup>
    <ClInclude Include="scts\formatters.h">
      <Filter>Files</Filter>
    </ClInclude>
    <ClInclude Include="scts\helpers.h">
      <Filter>Files</Filter>
    </ClInclude>
    <ClInclude Include="scts\io.h">
      <Filter>Files</Filter>
    </ClInclude>
    <ClInclude Include="scts\object_descriptor.h">
      <Filter>Files</Filter>
    </ClInclude>
    <ClInclude Include="scts\register_type.h">
      <Filter>Files</Filter>
    </ClInclude>
    <ClInclude Include="scts\scts.h">
      <Filter>Files</Filter>
    </ClInclude>
    <ClInclude Include="scts\serializer.h">
      <Filter>Files</Filter>
    </ClInclude>
    <ClInclude Include="scts\stream.h">
      <Filter>Files</Filter>
    </ClInclude>
    <ClInclude Include="scts\json_formatter.h">
      <Filter>Files</Filter>
    </ClInclude>
    <ClInclude Include="scts\basic_value.h">
      <Filter>Files</Filter>
    </ClInclude>
    <ClInclude Include="tests\catch.hpp">
      <Filter>Tests</Filter>
    </ClInclude>
  </ItemGroup>
  <ItemGroup>
    <ClCompile Include="tests\tests_main.cpp">
      <Filter>Tests</Filter>
    </ClCompile>
    <ClCompile Include="tests\tests_object_descriptor.cpp">
      <Filter>Tests</Filter>
    </ClCompile>
  </ItemGroup>
</Project>